
Microsoft Visual Studio Solution File, Format Version 12.00
# Visual Studio Version 16
VisualStudioVersion = 16.0.32106.194
MinimumVisualStudioVersion = 10.0.40219.1
Project("{FAE04EC0-301F-11D3-BF4B-00C04F79EFBC}") = "WebAppMovie", "WebAppMovie.csproj", "{8AB5348C-7D9E-4805-909F-E6F234BD2460}"
EndProject
Global
	GlobalSection(SolutionConfigurationPlatforms) = preSolution
		Debug|Any CPU = Debug|Any CPU
		Release|Any CPU = Release|Any CPU
	EndGlobalSection
	GlobalSection(ProjectConfigurationPlatforms) = postSolution
		{8AB5348C-7D9E-4805-909F-E6F234BD2460}.Debug|Any CPU.ActiveCfg = Debug|Any CPU
		{8AB5348C-7D9E-4805-909F-E6F234BD2460}.Debug|Any CPU.Build.0 = Debug|Any CPU
		{8AB5348C-7D9E-4805-909F-E6F234BD2460}.Release|Any CPU.ActiveCfg = Release|Any CPU
		{8AB5348C-7D9E-4805-909F-E6F234BD2460}.Release|Any CPU.Build.0 = Release|Any CPU
	EndGlobalSection
	GlobalSection(SolutionProperties) = preSolution
		HideSolutionNode = FALSE
	EndGlobalSection
	GlobalSection(ExtensibilityGlobals) = postSolution
		SolutionGuid = {8ED75554-2F91-4201-872A-C914FFB35446}
	EndGlobalSection
EndGlobal
